
Microsoft Visual Studio Solution File, Format Version 12.00
Project("{FAE04EC0-301F-11D3-BF4B-00C04F79EFBC}") = "MetricsManager", "MetricsManager\MetricsManager.csproj", "{322E94D2-8D30-4F9E-99C0-2ABFEB1D501B}"
EndProject
Global
	GlobalSection(SolutionConfigurationPlatforms) = preSolution
		Debug|Any CPU = Debug|Any CPU
		Release|Any CPU = Release|Any CPU
	EndGlobalSection
	GlobalSection(ProjectConfigurationPlatforms) = postSolution
		{322E94D2-8D30-4F9E-99C0-2ABFEB1D501B}.Debug|Any CPU.ActiveCfg = Debug|Any CPU
		{322E94D2-8D30-4F9E-99C0-2ABFEB1D501B}.Debug|Any CPU.Build.0 = Debug|Any CPU
		{322E94D2-8D30-4F9E-99C0-2ABFEB1D501B}.Release|Any CPU.ActiveCfg = Release|Any CPU
		{322E94D2-8D30-4F9E-99C0-2ABFEB1D501B}.Release|Any CPU.Build.0 = Release|Any CPU
	EndGlobalSection
EndGlobal
